<?xml version="1.0" encoding="UTF-8" standalone="yes" ?>
<CodeBlocks_project_file>
	<FileVersion major="1" minor="6" />
	<Project>
		<Option title="corganizer" />
		<Option pch_mode="2" />
		<Option compiler="gcc" />
		<Build>
			<Target title="Debug">
				<Option output="bin/Debug/corganizer" prefix_auto="1" extension_auto="1" />
				<Option object_output="obj/Debug/" />
				<Option type="1" />
				<Option compiler="gcc" />
				<Option projectCompilerOptionsRelation="2" />
				<Compiler>
					<Add option="-g" />
				</Compiler>
			</Target>
			<Target title="Release">
				<Option output="bin/Release/corganizer" prefix_auto="1" extension_auto="1" />
				<Option object_output="obj/Release/" />
				<Option type="1" />
				<Option compiler="gcc" />
				<Compiler>
					<Add option="-O2" />
				</Compiler>
				<Linker>
					<Add option="-s" />
				</Linker>
			</Target>
			<Target title="test">
				<Option output="bin/Test/corganizer_Test" prefix_auto="1" extension_auto="1" />
				<Option type="1" />
				<Option compiler="gcc" />
				<Compiler>
					<Add directory="test/LTest/src" />
				</Compiler>
			</Target>
		</Build>
		<Compiler>
			<Add option="-Wall" />
			<Add option="-fexceptions" />
			<Add option="-DUSE_BOOST_REGEX" />
			<Add directory="include" />
		</Compiler>
		<Linker>
			<Add library="mysqlcppconn" />
			<Add library="boost_regex" />
			<Add library="boost_system" />
			<Add library="boost_thread" />
			<Add library="boost_filesystem" />
			<Add library="boost_date_time" />
			<Add directory="lib" />
			<Add directory="/usr/lib/x86_64-linux-gnu" />
		</Linker>
		<Unit filename="main.cpp">
			<Option target="Debug" />
			<Option target="Release" />
		</Unit>
		<Unit filename="test/LTest/src/AsyncTaskExecuter.h">
			<Option target="test" />
		</Unit>
		<Unit filename="test/LTest/src/FunctionPattern.h">
			<Option target="test" />
		</Unit>
		<Unit filename="test/LTest/src/LTest.cpp">
			<Option target="test" />
		</Unit>
		<Unit filename="test/LTest/src/LTest.h">
			<Option target="test" />
		</Unit>
		<Unit filename="test/LTest/src/LTestAssert.h">
			<Option target="test" />
		</Unit>
		<Unit filename="test/LTest/src/LTestMisuseException.h">
			<Option target="test" />
		</Unit>
		<Unit filename="test/LTest/src/ManagedFixture.h">
			<Option target="test" />
		</Unit>
		<Unit filename="test/LTest/src/MuteStream.h">
			<Option target="test" />
		</Unit>
		<Unit filename="test/LTest/src/OutputFormat/Format.h">
			<Option target="test" />
		</Unit>
		<Unit filename="test/LTest/src/OutputFormat/OutputFormat.h">
			<Option target="test" />
		</Unit>
		<Unit filename="test/LTest/src/OutputFormat/OutputFormatBase.h">
			<Option target="test" />
		</Unit>
		<Unit filename="test/LTest/src/OutputFormat/TextOutput.h">
			<Option target="test" />
		</Unit>
		<Unit filename="test/LTest/src/OutputFormat/TextTable.h">
			<Option target="test" />
		</Unit>
		<Unit filename="test/LTest/src/OutputFormat/XmlOutput.h">
			<Option target="test" />
		</Unit>
		<Unit filename="test/LTest/src/OutputFormat/rapidxml/rapidxml.hpp">
			<Option target="test" />
		</Unit>
		<Unit filename="test/LTest/src/OutputFormat/rapidxml/rapidxml_iterators.hpp">
			<Option target="test" />
		</Unit>
		<Unit filename="test/LTest/src/OutputFormat/rapidxml/rapidxml_print.hpp">
			<Option target="test" />
		</Unit>
		<Unit filename="test/LTest/src/OutputFormat/rapidxml/rapidxml_utils.hpp">
			<Option target="test" />
		</Unit>
		<Unit filename="test/LTest/src/ParameterTest.h">
			<Option target="test" />
		</Unit>
		<Unit filename="test/LTest/src/TestResult.h">
			<Option target="test" />
		</Unit>
		<Unit filename="test/LTest/src/toStringPatch.h">
			<Option target="test" />
		</Unit>
		<Unit filename="test/LibraryTestLTest.cpp">
			<Option target="test" />
		</Unit>
		<Extensions>
			<code_completion />
			<envvars />
			<debugger />
			<lib_finder disable_auto="1" />
		</Extensions>
	</Project>
</CodeBlocks_project_file>
